
Microsoft Visual Studio Solution File, Format Version 12.00
# Visual Studio Version 16
VisualStudioVersion = 16.0.29230.47
MinimumVisualStudioVersion = 10.0.40219.1
Project("{FAE04EC0-301F-11D3-BF4B-00C04F79EFBC}") = "Statistiek", "Statistiek\Statistiek.csproj", "{4D14F4FF-A9C5-40DD-B26A-6F48A35180BF}"
EndProject
Global
	GlobalSection(SolutionConfigurationPlatforms) = preSolution
		Debug|Any CPU = Debug|Any CPU
		Release|Any CPU = Release|Any CPU
	EndGlobalSection
	GlobalSection(ProjectConfigurationPlatforms) = postSolution
		{4D14F4FF-A9C5-40DD-B26A-6F48A35180BF}.Debug|Any CPU.ActiveCfg = Debug|Any CPU
		{4D14F4FF-A9C5-40DD-B26A-6F48A35180BF}.Debug|Any CPU.Build.0 = Debug|Any CPU
		{4D14F4FF-A9C5-40DD-B26A-6F48A35180BF}.Release|Any CPU.ActiveCfg = Release|Any CPU
		{4D14F4FF-A9C5-40DD-B26A-6F48A35180BF}.Release|Any CPU.Build.0 = Release|Any CPU
	EndGlobalSection
	GlobalSection(SolutionProperties) = preSolution
		HideSolutionNode = FALSE
	EndGlobalSection
	GlobalSection(ExtensibilityGlobals) = postSolution
		SolutionGuid = {090C3C63-7FBA-473B-9B72-52EC4E417014}
	EndGlobalSection
EndGlobal
